
Microsoft Visual Studio Solution File, Format Version 12.00
# Visual Studio Version 16
VisualStudioVersion = 16.0.32002.261
MinimumVisualStudioVersion = 10.0.40219.1
Project("{FAE04EC0-301F-11D3-BF4B-00C04F79EFBC}") = "ServiceSepatu", "ServiceSepatu\ServiceSepatu.csproj", "{40391110-994F-4F05-B20B-630791B9FA89}"
EndProject
Global
	GlobalSection(SolutionConfigurationPlatforms) = preSolution
		Debug|Any CPU = Debug|Any CPU
		Release|Any CPU = Release|Any CPU
	EndGlobalSection
	GlobalSection(ProjectConfigurationPlatforms) = postSolution
		{40391110-994F-4F05-B20B-630791B9FA89}.Debug|Any CPU.ActiveCfg = Debug|Any CPU
		{40391110-994F-4F05-B20B-630791B9FA89}.Debug|Any CPU.Build.0 = Debug|Any CPU
		{40391110-994F-4F05-B20B-630791B9FA89}.Release|Any CPU.ActiveCfg = Release|Any CPU
		{40391110-994F-4F05-B20B-630791B9FA89}.Release|Any CPU.Build.0 = Release|Any CPU
	EndGlobalSection
	GlobalSection(SolutionProperties) = preSolution
		HideSolutionNode = FALSE
	EndGlobalSection
	GlobalSection(ExtensibilityGlobals) = postSolution
		SolutionGuid = {994F5287-A52B-4287-A04B-DCCD0ED3B503}
	EndGlobalSection
EndGlobal
